
Microsoft Visual Studio Solution File, Format Version 12.00
# Visual Studio 2012
Project("{FAE04EC0-301F-11D3-BF4B-00C04F79EFBC}") = "AppCenterTest", "AppCenterTest\AppCenterTest.csproj", "{BE524366-FAB8-437F-A823-06BDACE7E659}"
EndProject
Project("{FAE04EC0-301F-11D3-BF4B-00C04F79EFBC}") = "AppCenterTest.iOS", "iOS\AppCenterTest.iOS.csproj", "{12820741-7575-42C4-A38B-4F8F0D3F2B91}"
EndProject
Project("{FAE04EC0-301F-11D3-BF4B-00C04F79EFBC}") = "AppCenterTest.Droid", "Droid\AppCenterTest.Droid.csproj", "{51D40606-5304-4AFC-978C-7078FBC58369}"
EndProject
Global
	GlobalSection(SolutionConfigurationPlatforms) = preSolution
		Debug|Any CPU = Debug|Any CPU
		Release|Any CPU = Release|Any CPU
		Debug|iPhoneSimulator = Debug|iPhoneSimulator
		Release|iPhone = Release|iPhone
		Release|iPhoneSimulator = Release|iPhoneSimulator
		Debug|iPhone = Debug|iPhone
	EndGlobalSection
	GlobalSection(ProjectConfigurationPlatforms) = postSolution
		{BE524366-FAB8-437F-A823-06BDACE7E659}.Debug|Any CPU.ActiveCfg = Debug|Any CPU
		{BE524366-FAB8-437F-A823-06BDACE7E659}.Debug|Any CPU.Build.0 = Debug|Any CPU
		{BE524366-FAB8-437F-A823-06BDACE7E659}.Release|Any CPU.ActiveCfg = Release|Any CPU
		{BE524366-FAB8-437F-A823-06BDACE7E659}.Release|Any CPU.Build.0 = Release|Any CPU
		{BE524366-FAB8-437F-A823-06BDACE7E659}.Debug|iPhoneSimulator.ActiveCfg = Debug|Any CPU
		{BE524366-FAB8-437F-A823-06BDACE7E659}.Debug|iPhoneSimulator.Build.0 = Debug|Any CPU
		{BE524366-FAB8-437F-A823-06BDACE7E659}.Release|iPhone.ActiveCfg = Release|Any CPU
		{BE524366-FAB8-437F-A823-06BDACE7E659}.Release|iPhone.Build.0 = Release|Any CPU
		{BE524366-FAB8-437F-A823-06BDACE7E659}.Release|iPhoneSimulator.ActiveCfg = Release|Any CPU
		{BE524366-FAB8-437F-A823-06BDACE7E659}.Release|iPhoneSimulator.Build.0 = Release|Any CPU
		{BE524366-FAB8-437F-A823-06BDACE7E659}.Debug|iPhone.ActiveCfg = Debug|Any CPU
		{BE524366-FAB8-437F-A823-06BDACE7E659}.Debug|iPhone.Build.0 = Debug|Any CPU
		{12820741-7575-42C4-A38B-4F8F0D3F2B91}.Debug|Any CPU.ActiveCfg = Debug|iPhoneSimulator
		{12820741-7575-42C4-A38B-4F8F0D3F2B91}.Debug|Any CPU.Build.0 = Debug|iPhoneSimulator
		{12820741-7575-42C4-A38B-4F8F0D3F2B91}.Release|Any CPU.ActiveCfg = Release|iPhone
		{12820741-7575-42C4-A38B-4F8F0D3F2B91}.Release|Any CPU.Build.0 = Release|iPhone
		{12820741-7575-42C4-A38B-4F8F0D3F2B91}.Debug|iPhoneSimulator.ActiveCfg = Debug|iPhoneSimulator
		{12820741-7575-42C4-A38B-4F8F0D3F2B91}.Debug|iPhoneSimulator.Build.0 = Debug|iPhoneSimulator
		{12820741-7575-42C4-A38B-4F8F0D3F2B91}.Release|iPhone.ActiveCfg = Release|iPhone
		{12820741-7575-42C4-A38B-4F8F0D3F2B91}.Release|iPhone.Build.0 = Release|iPhone
		{12820741-7575-42C4-A38B-4F8F0D3F2B91}.Release|iPhoneSimulator.ActiveCfg = Release|iPhoneSimulator
		{12820741-7575-42C4-A38B-4F8F0D3F2B91}.Release|iPhoneSimulator.Build.0 = Release|iPhoneSimulator
		{12820741-7575-42C4-A38B-4F8F0D3F2B91}.Debug|iPhone.ActiveCfg = Debug|iPhone
		{12820741-7575-42C4-A38B-4F8F0D3F2B91}.Debug|iPhone.Build.0 = Debug|iPhone
		{51D40606-5304-4AFC-978C-7078FBC58369}.Debug|Any CPU.ActiveCfg = Debug|Any CPU
		{51D40606-5304-4AFC-978C-7078FBC58369}.Debug|Any CPU.Build.0 = Debug|Any CPU
		{51D40606-5304-4AFC-978C-7078FBC58369}.Release|Any CPU.ActiveCfg = Release|Any CPU
		{51D40606-5304-4AFC-978C-7078FBC58369}.Release|Any CPU.Build.0 = Release|Any CPU
		{51D40606-5304-4AFC-978C-7078FBC58369}.Debug|iPhoneSimulator.ActiveCfg = Debug|Any CPU
		{51D40606-5304-4AFC-978C-7078FBC58369}.Debug|iPhoneSimulator.Build.0 = Debug|Any CPU
		{51D40606-5304-4AFC-978C-7078FBC58369}.Release|iPhone.ActiveCfg = Release|Any CPU
		{51D40606-5304-4AFC-978C-7078FBC58369}.Release|iPhone.Build.0 = Release|Any CPU
		{51D40606-5304-4AFC-978C-7078FBC58369}.Release|iPhoneSimulator.ActiveCfg = Release|Any CPU
		{51D40606-5304-4AFC-978C-7078FBC58369}.Release|iPhoneSimulator.Build.0 = Release|Any CPU
		{51D40606-5304-4AFC-978C-7078FBC58369}.Debug|iPhone.ActiveCfg = Debug|Any CPU
		{51D40606-5304-4AFC-978C-7078FBC58369}.Debug|iPhone.Build.0 = Debug|Any CPU
	EndGlobalSection
EndGlobal
